
Microsoft Visual Studio Solution File, Format Version 12.00
# Visual Studio 15
VisualStudioVersion = 15.0.28307.329
MinimumVisualStudioVersion = 10.0.40219.1
Project("{FAE04EC0-301F-11D3-BF4B-00C04F79EFBC}") = "Proyecto1 periodo1", "Proyecto1 periodo1\Proyecto1 periodo1.csproj", "{BF09B56F-E55A-4FE7-852C-C5A7A3F5942F}"
EndProject
Global
	GlobalSection(SolutionConfigurationPlatforms) = preSolution
		Debug|Any CPU = Debug|Any CPU
		Release|Any CPU = Release|Any CPU
	EndGlobalSection
	GlobalSection(ProjectConfigurationPlatforms) = postSolution
		{BF09B56F-E55A-4FE7-852C-C5A7A3F5942F}.Debug|Any CPU.ActiveCfg = Debug|Any CPU
		{BF09B56F-E55A-4FE7-852C-C5A7A3F5942F}.Debug|Any CPU.Build.0 = Debug|Any CPU
		{BF09B56F-E55A-4FE7-852C-C5A7A3F5942F}.Release|Any CPU.ActiveCfg = Release|Any CPU
		{BF09B56F-E55A-4FE7-852C-C5A7A3F5942F}.Release|Any CPU.Build.0 = Release|Any CPU
	EndGlobalSection
	GlobalSection(SolutionProperties) = preSolution
		HideSolutionNode = FALSE
	EndGlobalSection
	GlobalSection(ExtensibilityGlobals) = postSolution
		SolutionGuid = {4045068B-8F89-4CBD-9E75-D910367DB9B0}
	EndGlobalSection
EndGlobal
